
Microsoft Visual Studio Solution File, Format Version 12.00
# Visual Studio 14
VisualStudioVersion = 14.0.24720.0
MinimumVisualStudioVersion = 10.0.40219.1
Project("{FAE04EC0-301F-11D3-BF4B-00C04F79EFBC}") = "PlantSitter", "PlantSitter\PlantSitter.csproj", "{CDD80413-3755-4E1B-8252-1BCB47A0004F}"
EndProject
Project("{2150E333-8FDC-42A3-9474-1A3956D46DE8}") = "App", "App", "{2D2E1D56-296C-4A0B-80D4-9F31BBF549CA}"
EndProject
Project("{2150E333-8FDC-42A3-9474-1A3956D46DE8}") = "Lib", "Lib", "{57E10991-725C-4150-89E4-7428688EFE7D}"
EndProject
Project("{2150E333-8FDC-42A3-9474-1A3956D46DE8}") = "Third-Party lib", "Third-Party lib", "{9D6BBDDD-835B-49AF-A32D-FE9CED5F6D56}"
EndProject
Project("{FAE04EC0-301F-11D3-BF4B-00C04F79EFBC}") = "JP.Utils.UWP", "..\..\JP.Utils.UWP\JP.Utils.UWP\JP.Utils.UWP.csproj", "{357C51DB-765E-4A88-950F-CDA24F7184C3}"
EndProject
Project("{2150E333-8FDC-42A3-9474-1A3956D46DE8}") = "Test", "Test", "{279EC020-379C-4336-889F-A42B12137E9C}"
EndProject
Project("{FAE04EC0-301F-11D3-BF4B-00C04F79EFBC}") = "IoTTest", "IoTTest\IoTTest.csproj", "{638DBE96-07F8-45CF-B489-8A3FBAAD3284}"
EndProject
Project("{FAE04EC0-301F-11D3-BF4B-00C04F79EFBC}") = "PlantSitter-Resp", "PlantSitter-Resp\PlantSitter-Resp.csproj", "{13FB8A12-01F7-4FF2-A0A5-4F9EBF1B50CA}"
EndProject
Project("{FAE04EC0-301F-11D3-BF4B-00C04F79EFBC}") = "PlantSitterSharedModel", "PlantSitterShardModel\PlantSitterSharedModel.csproj", "{D0BBC459-2798-45BA-9CB2-56703A0D5C5E}"
EndProject
Project("{FAE04EC0-301F-11D3-BF4B-00C04F79EFBC}") = "PlantSitterCustomControl", "PlantSitterCustomControl\PlantSitterCustomControl.csproj", "{E525983B-258E-4754-9596-9A299DFC99A5}"
EndProject
Project("{FAE04EC0-301F-11D3-BF4B-00C04F79EFBC}") = "PlantSitterShared", "PlantSitterShared\PlantSitterShared.csproj", "{03507278-EC38-485A-BEA3-366035CE93C3}"
EndProject
Project("{8BC9CEB8-8B4A-11D0-8D11-00A0C91BC942}") = "Sensors.Dht", "Sensors.Dht\Sensors.Dht.vcxproj", "{2CD70A4F-9EED-4CDA-9E07-1A2BD33B4976}"
EndProject
Project("{FAE04EC0-301F-11D3-BF4B-00C04F79EFBC}") = "Sensor.Soil", "Sensor.Soil\Sensor.Soil.csproj", "{77778FA3-E0BF-4A8F-8C6E-E12442C49011}"
EndProject
Project("{FAE04EC0-301F-11D3-BF4B-00C04F79EFBC}") = "Sensor.Light", "Sensor.Light\Sensor.Light.csproj", "{B3CE01F2-98A9-470C-9E11-3E2A531C5F41}"
EndProject
Global
	GlobalSection(SolutionConfigurationPlatforms) = preSolution
		Debug|Any CPU = Debug|Any CPU
		Debug|ARM = Debug|ARM
		Debug|x64 = Debug|x64
		Debug|x86 = Debug|x86
		Release|Any CPU = Release|Any CPU
		Release|ARM = Release|ARM
		Release|x64 = Release|x64
		Release|x86 = Release|x86
	EndGlobalSection
	GlobalSection(ProjectConfigurationPlatforms) = postSolution
		{CDD80413-3755-4E1B-8252-1BCB47A0004F}.Debug|Any CPU.ActiveCfg = Debug|x86
		{CDD80413-3755-4E1B-8252-1BCB47A0004F}.Debug|ARM.ActiveCfg = Debug|x86
		{CDD80413-3755-4E1B-8252-1BCB47A0004F}.Debug|ARM.Build.0 = Debug|x86
		{CDD80413-3755-4E1B-8252-1BCB47A0004F}.Debug|ARM.Deploy.0 = Debug|x86
		{CDD80413-3755-4E1B-8252-1BCB47A0004F}.Debug|x64.ActiveCfg = Debug|x64
		{CDD80413-3755-4E1B-8252-1BCB47A0004F}.Debug|x64.Build.0 = Debug|x64
		{CDD80413-3755-4E1B-8252-1BCB47A0004F}.Debug|x64.Deploy.0 = Debug|x64
		{CDD80413-3755-4E1B-8252-1BCB47A0004F}.Debug|x86.ActiveCfg = Debug|x86
		{CDD80413-3755-4E1B-8252-1BCB47A0004F}.Debug|x86.Build.0 = Debug|x86
		{CDD80413-3755-4E1B-8252-1BCB47A0004F}.Debug|x86.Deploy.0 = Debug|x86
		{CDD80413-3755-4E1B-8252-1BCB47A0004F}.Release|Any CPU.ActiveCfg = Release|x86
		{CDD80413-3755-4E1B-8252-1BCB47A0004F}.Release|ARM.ActiveCfg = Release|ARM
		{CDD80413-3755-4E1B-8252-1BCB47A0004F}.Release|ARM.Build.0 = Release|ARM
		{CDD80413-3755-4E1B-8252-1BCB47A0004F}.Release|ARM.Deploy.0 = Release|ARM
		{CDD80413-3755-4E1B-8252-1BCB47A0004F}.Release|x64.ActiveCfg = Release|x64
		{CDD80413-3755-4E1B-8252-1BCB47A0004F}.Release|x64.Build.0 = Release|x64
		{CDD80413-3755-4E1B-8252-1BCB47A0004F}.Release|x64.Deploy.0 = Release|x64
		{CDD80413-3755-4E1B-8252-1BCB47A0004F}.Release|x86.ActiveCfg = Release|x86
		{CDD80413-3755-4E1B-8252-1BCB47A0004F}.Release|x86.Build.0 = Release|x86
		{CDD80413-3755-4E1B-8252-1BCB47A0004F}.Release|x86.Deploy.0 = Release|x86
		{357C51DB-765E-4A88-950F-CDA24F7184C3}.Debug|Any CPU.ActiveCfg = Debug|Any CPU
		{357C51DB-765E-4A88-950F-CDA24F7184C3}.Debug|Any CPU.Build.0 = Debug|Any CPU
		{357C51DB-765E-4A88-950F-CDA24F7184C3}.Debug|ARM.ActiveCfg = Debug|ARM
		{357C51DB-765E-4A88-950F-CDA24F7184C3}.Debug|ARM.Build.0 = Debug|ARM
		{357C51DB-765E-4A88-950F-CDA24F7184C3}.Debug|x64.ActiveCfg = Debug|x64
		{357C51DB-765E-4A88-950F-CDA24F7184C3}.Debug|x64.Build.0 = Debug|x64
		{357C51DB-765E-4A88-950F-CDA24F7184C3}.Debug|x86.ActiveCfg = Debug|x86
		{357C51DB-765E-4A88-950F-CDA24F7184C3}.Debug|x86.Build.0 = Debug|x86
		{357C51DB-765E-4A88-950F-CDA24F7184C3}.Release|Any CPU.ActiveCfg = Release|Any CPU
		{357C51DB-765E-4A88-950F-CDA24F7184C3}.Release|Any CPU.Build.0 = Release|Any CPU
		{357C51DB-765E-4A88-950F-CDA24F7184C3}.Release|ARM.ActiveCfg = Release|ARM
		{357C51DB-765E-4A88-950F-CDA24F7184C3}.Release|ARM.Build.0 = Release|ARM
		{357C51DB-765E-4A88-950F-CDA24F7184C3}.Release|x64.ActiveCfg = Release|x64
		{357C51DB-765E-4A88-950F-CDA24F7184C3}.Release|x64.Build.0 = Release|x64
		{357C51DB-765E-4A88-950F-CDA24F7184C3}.Release|x86.ActiveCfg = Release|x86
		{357C51DB-765E-4A88-950F-CDA24F7184C3}.Release|x86.Build.0 = Release|x86
		{638DBE96-07F8-45CF-B489-8A3FBAAD3284}.Debug|Any CPU.ActiveCfg = Debug|x86
		{638DBE96-07F8-45CF-B489-8A3FBAAD3284}.Debug|ARM.ActiveCfg = Debug|ARM
		{638DBE96-07F8-45CF-B489-8A3FBAAD3284}.Debug|ARM.Build.0 = Debug|ARM
		{638DBE96-07F8-45CF-B489-8A3FBAAD3284}.Debug|ARM.Deploy.0 = Debug|ARM
		{638DBE96-07F8-45CF-B489-8A3FBAAD3284}.Debug|x64.ActiveCfg = Debug|x64
		{638DBE96-07F8-45CF-B489-8A3FBAAD3284}.Debug|x64.Build.0 = Debug|x64
		{638DBE96-07F8-45CF-B489-8A3FBAAD3284}.Debug|x64.Deploy.0 = Debug|x64
		{638DBE96-07F8-45CF-B489-8A3FBAAD3284}.Debug|x86.ActiveCfg = Debug|x86
		{638DBE96-07F8-45CF-B489-8A3FBAAD3284}.Debug|x86.Build.0 = Debug|x86
		{638DBE96-07F8-45CF-B489-8A3FBAAD3284}.Debug|x86.Deploy.0 = Debug|x86
		{638DBE96-07F8-45CF-B489-8A3FBAAD3284}.Release|Any CPU.ActiveCfg = Release|x86
		{638DBE96-07F8-45CF-B489-8A3FBAAD3284}.Release|ARM.ActiveCfg = Release|ARM
		{638DBE96-07F8-45CF-B489-8A3FBAAD3284}.Release|ARM.Build.0 = Release|ARM
		{638DBE96-07F8-45CF-B489-8A3FBAAD3284}.Release|ARM.Deploy.0 = Release|ARM
		{638DBE96-07F8-45CF-B489-8A3FBAAD3284}.Release|x64.ActiveCfg = Release|x64
		{638DBE96-07F8-45CF-B489-8A3FBAAD3284}.Release|x64.Build.0 = Release|x64
		{638DBE96-07F8-45CF-B489-8A3FBAAD3284}.Release|x64.Deploy.0 = Release|x64
		{638DBE96-07F8-45CF-B489-8A3FBAAD3284}.Release|x86.ActiveCfg = Release|x86
		{638DBE96-07F8-45CF-B489-8A3FBAAD3284}.Release|x86.Build.0 = Release|x86
		{638DBE96-07F8-45CF-B489-8A3FBAAD3284}.Release|x86.Deploy.0 = Release|x86
		{13FB8A12-01F7-4FF2-A0A5-4F9EBF1B50CA}.Debug|Any CPU.ActiveCfg = Debug|x86
		{13FB8A12-01F7-4FF2-A0A5-4F9EBF1B50CA}.Debug|ARM.ActiveCfg = Debug|ARM
		{13FB8A12-01F7-4FF2-A0A5-4F9EBF1B50CA}.Debug|ARM.Build.0 = Debug|ARM
		{13FB8A12-01F7-4FF2-A0A5-4F9EBF1B50CA}.Debug|ARM.Deploy.0 = Debug|ARM
		{13FB8A12-01F7-4FF2-A0A5-4F9EBF1B50CA}.Debug|x64.ActiveCfg = Debug|x64
		{13FB8A12-01F7-4FF2-A0A5-4F9EBF1B50CA}.Debug|x64.Build.0 = Debug|x64
		{13FB8A12-01F7-4FF2-A0A5-4F9EBF1B50CA}.Debug|x64.Deploy.0 = Debug|x64
		{13FB8A12-01F7-4FF2-A0A5-4F9EBF1B50CA}.Debug|x86.ActiveCfg = Debug|x86
		{13FB8A12-01F7-4FF2-A0A5-4F9EBF1B50CA}.Debug|x86.Build.0 = Debug|x86
		{13FB8A12-01F7-4FF2-A0A5-4F9EBF1B50CA}.Debug|x86.Deploy.0 = Debug|x86
		{13FB8A12-01F7-4FF2-A0A5-4F9EBF1B50CA}.Release|Any CPU.ActiveCfg = Release|x86
		{13FB8A12-01F7-4FF2-A0A5-4F9EBF1B50CA}.Release|ARM.ActiveCfg = Release|ARM
		{13FB8A12-01F7-4FF2-A0A5-4F9EBF1B50CA}.Release|ARM.Build.0 = Release|ARM
		{13FB8A12-01F7-4FF2-A0A5-4F9EBF1B50CA}.Release|ARM.Deploy.0 = Release|ARM
		{13FB8A12-01F7-4FF2-A0A5-4F9EBF1B50CA}.Release|x64.ActiveCfg = Release|x64
		{13FB8A12-01F7-4FF2-A0A5-4F9EBF1B50CA}.Release|x64.Build.0 = Release|x64
		{13FB8A12-01F7-4FF2-A0A5-4F9EBF1B50CA}.Release|x64.Deploy.0 = Release|x64
		{13FB8A12-01F7-4FF2-A0A5-4F9EBF1B50CA}.Release|x86.ActiveCfg = Release|x86
		{13FB8A12-01F7-4FF2-A0A5-4F9EBF1B50CA}.Release|x86.Build.0 = Release|x86
		{13FB8A12-01F7-4FF2-A0A5-4F9EBF1B50CA}.Release|x86.Deploy.0 = Release|x86
		{D0BBC459-2798-45BA-9CB2-56703A0D5C5E}.Debug|Any CPU.ActiveCfg = Debug|Any CPU
		{D0BBC459-2798-45BA-9CB2-56703A0D5C5E}.Debug|Any CPU.Build.0 = Debug|Any CPU
		{D0BBC459-2798-45BA-9CB2-56703A0D5C5E}.Debug|ARM.ActiveCfg = Debug|ARM
		{D0BBC459-2798-45BA-9CB2-56703A0D5C5E}.Debug|ARM.Build.0 = Debug|ARM
		{D0BBC459-2798-45BA-9CB2-56703A0D5C5E}.Debug|x64.ActiveCfg = Debug|x64
		{D0BBC459-2798-45BA-9CB2-56703A0D5C5E}.Debug|x64.Build.0 = Debug|x64
		{D0BBC459-2798-45BA-9CB2-56703A0D5C5E}.Debug|x86.ActiveCfg = Debug|x86
		{D0BBC459-2798-45BA-9CB2-56703A0D5C5E}.Debug|x86.Build.0 = Debug|x86
		{D0BBC459-2798-45BA-9CB2-56703A0D5C5E}.Release|Any CPU.ActiveCfg = Release|Any CPU
		{D0BBC459-2798-45BA-9CB2-56703A0D5C5E}.Release|Any CPU.Build.0 = Release|Any CPU
		{D0BBC459-2798-45BA-9CB2-56703A0D5C5E}.Release|ARM.ActiveCfg = Release|ARM
		{D0BBC459-2798-45BA-9CB2-56703A0D5C5E}.Release|ARM.Build.0 = Release|ARM
		{D0BBC459-2798-45BA-9CB2-56703A0D5C5E}.Release|x64.ActiveCfg = Release|x64
		{D0BBC459-2798-45BA-9CB2-56703A0D5C5E}.Release|x64.Build.0 = Release|x64
		{D0BBC459-2798-45BA-9CB2-56703A0D5C5E}.Release|x86.ActiveCfg = Release|x86
		{D0BBC459-2798-45BA-9CB2-56703A0D5C5E}.Release|x86.Build.0 = Release|x86
		{E525983B-258E-4754-9596-9A299DFC99A5}.Debug|Any CPU.ActiveCfg = Debug|Any CPU
		{E525983B-258E-4754-9596-9A299DFC99A5}.Debug|Any CPU.Build.0 = Debug|Any CPU
		{E525983B-258E-4754-9596-9A299DFC99A5}.Debug|ARM.ActiveCfg = Debug|ARM
		{E525983B-258E-4754-9596-9A299DFC99A5}.Debug|ARM.Build.0 = Debug|ARM
		{E525983B-258E-4754-9596-9A299DFC99A5}.Debug|x64.ActiveCfg = Debug|x64
		{E525983B-258E-4754-9596-9A299DFC99A5}.Debug|x64.Build.0 = Debug|x64
		{E525983B-258E-4754-9596-9A299DFC99A5}.Debug|x86.ActiveCfg = Debug|x86
		{E525983B-258E-4754-9596-9A299DFC99A5}.Debug|x86.Build.0 = Debug|x86
		{E525983B-258E-4754-9596-9A299DFC99A5}.Release|Any CPU.ActiveCfg = Release|Any CPU
		{E525983B-258E-4754-9596-9A299DFC99A5}.Release|Any CPU.Build.0 = Release|Any CPU
		{E525983B-258E-4754-9596-9A299DFC99A5}.Release|ARM.ActiveCfg = Release|ARM
		{E525983B-258E-4754-9596-9A299DFC99A5}.Release|ARM.Build.0 = Release|ARM
		{E525983B-258E-4754-9596-9A299DFC99A5}.Release|x64.ActiveCfg = Release|x64
		{E525983B-258E-4754-9596-9A299DFC99A5}.Release|x64.Build.0 = Release|x64
		{E525983B-258E-4754-9596-9A299DFC99A5}.Release|x86.ActiveCfg = Release|x86
		{E525983B-258E-4754-9596-9A299DFC99A5}.Release|x86.Build.0 = Release|x86
		{03507278-EC38-485A-BEA3-366035CE93C3}.Debug|Any CPU.ActiveCfg = Debug|Any CPU
		{03507278-EC38-485A-BEA3-366035CE93C3}.Debug|Any CPU.Build.0 = Debug|Any CPU
		{03507278-EC38-485A-BEA3-366035CE93C3}.Debug|ARM.ActiveCfg = Debug|ARM
		{03507278-EC38-485A-BEA3-366035CE93C3}.Debug|ARM.Build.0 = Debug|ARM
		{03507278-EC38-485A-BEA3-366035CE93C3}.Debug|x64.ActiveCfg = Debug|x64
		{03507278-EC38-485A-BEA3-366035CE93C3}.Debug|x64.Build.0 = Debug|x64
		{03507278-EC38-485A-BEA3-366035CE93C3}.Debug|x86.ActiveCfg = Debug|x86
		{03507278-EC38-485A-BEA3-366035CE93C3}.Debug|x86.Build.0 = Debug|x86
		{03507278-EC38-485A-BEA3-366035CE93C3}.Release|Any CPU.ActiveCfg = Release|Any CPU
		{03507278-EC38-485A-BEA3-366035CE93C3}.Release|Any CPU.Build.0 = Release|Any CPU
		{03507278-EC38-485A-BEA3-366035CE93C3}.Release|ARM.ActiveCfg = Release|ARM
		{03507278-EC38-485A-BEA3-366035CE93C3}.Release|ARM.Build.0 = Release|ARM
		{03507278-EC38-485A-BEA3-366035CE93C3}.Release|x64.ActiveCfg = Release|x64
		{03507278-EC38-485A-BEA3-366035CE93C3}.Release|x64.Build.0 = Release|x64
		{03507278-EC38-485A-BEA3-366035CE93C3}.Release|x86.ActiveCfg = Release|x86
		{03507278-EC38-485A-BEA3-366035CE93C3}.Release|x86.Build.0 = Release|x86
		{2CD70A4F-9EED-4CDA-9E07-1A2BD33B4976}.Debug|Any CPU.ActiveCfg = Debug|Win32
		{2CD70A4F-9EED-4CDA-9E07-1A2BD33B4976}.Debug|ARM.ActiveCfg = Debug|ARM
		{2CD70A4F-9EED-4CDA-9E07-1A2BD33B4976}.Debug|ARM.Build.0 = Debug|ARM
		{2CD70A4F-9EED-4CDA-9E07-1A2BD33B4976}.Debug|x64.ActiveCfg = Debug|x64
		{2CD70A4F-9EED-4CDA-9E07-1A2BD33B4976}.Debug|x64.Build.0 = Debug|x64
		{2CD70A4F-9EED-4CDA-9E07-1A2BD33B4976}.Debug|x86.ActiveCfg = Debug|Win32
		{2CD70A4F-9EED-4CDA-9E07-1A2BD33B4976}.Debug|x86.Build.0 = Debug|Win32
		{2CD70A4F-9EED-4CDA-9E07-1A2BD33B4976}.Release|Any CPU.ActiveCfg = Release|Win32
		{2CD70A4F-9EED-4CDA-9E07-1A2BD33B4976}.Release|ARM.ActiveCfg = Release|ARM
		{2CD70A4F-9EED-4CDA-9E07-1A2BD33B4976}.Release|ARM.Build.0 = Release|ARM
		{2CD70A4F-9EED-4CDA-9E07-1A2BD33B4976}.Release|x64.ActiveCfg = Release|x64
		{2CD70A4F-9EED-4CDA-9E07-1A2BD33B4976}.Release|x64.Build.0 = Release|x64
		{2CD70A4F-9EED-4CDA-9E07-1A2BD33B4976}.Release|x86.ActiveCfg = Release|Win32
		{2CD70A4F-9EED-4CDA-9E07-1A2BD33B4976}.Release|x86.Build.0 = Release|Win32
		{77778FA3-E0BF-4A8F-8C6E-E12442C49011}.Debug|Any CPU.ActiveCfg = Debug|Any CPU
		{77778FA3-E0BF-4A8F-8C6E-E12442C49011}.Debug|Any CPU.Build.0 = Debug|Any CPU
		{77778FA3-E0BF-4A8F-8C6E-E12442C49011}.Debug|ARM.ActiveCfg = Debug|ARM
		{77778FA3-E0BF-4A8F-8C6E-E12442C49011}.Debug|ARM.Build.0 = Debug|ARM
		{77778FA3-E0BF-4A8F-8C6E-E12442C49011}.Debug|x64.ActiveCfg = Debug|x64
		{77778FA3-E0BF-4A8F-8C6E-E12442C49011}.Debug|x64.Build.0 = Debug|x64
		{77778FA3-E0BF-4A8F-8C6E-E12442C49011}.Debug|x86.ActiveCfg = Debug|x86
		{77778FA3-E0BF-4A8F-8C6E-E12442C49011}.Debug|x86.Build.0 = Debug|x86
		{77778FA3-E0BF-4A8F-8C6E-E12442C49011}.Release|Any CPU.ActiveCfg = Release|Any CPU
		{77778FA3-E0BF-4A8F-8C6E-E12442C49011}.Release|Any CPU.Build.0 = Release|Any CPU
		{77778FA3-E0BF-4A8F-8C6E-E12442C49011}.Release|ARM.ActiveCfg = Release|ARM
		{77778FA3-E0BF-4A8F-8C6E-E12442C49011}.Release|ARM.Build.0 = Release|ARM
		{77778FA3-E0BF-4A8F-8C6E-E12442C49011}.Release|x64.ActiveCfg = Release|x64
		{77778FA3-E0BF-4A8F-8C6E-E12442C49011}.Release|x64.Build.0 = Release|x64
		{77778FA3-E0BF-4A8F-8C6E-E12442C49011}.Release|x86.ActiveCfg = Release|x86
		{77778FA3-E0BF-4A8F-8C6E-E12442C49011}.Release|x86.Build.0 = Release|x86
		{B3CE01F2-98A9-470C-9E11-3E2A531C5F41}.Debug|Any CPU.ActiveCfg = Debug|Any CPU
		{B3CE01F2-98A9-470C-9E11-3E2A531C5F41}.Debug|Any CPU.Build.0 = Debug|Any CPU
		{B3CE01F2-98A9-470C-9E11-3E2A531C5F41}.Debug|ARM.ActiveCfg = Debug|ARM
		{B3CE01F2-98A9-470C-9E11-3E2A531C5F41}.Debug|ARM.Build.0 = Debug|ARM
		{B3CE01F2-98A9-470C-9E11-3E2A531C5F41}.Debug|x64.ActiveCfg = Debug|x64
		{B3CE01F2-98A9-470C-9E11-3E2A531C5F41}.Debug|x64.Build.0 = Debug|x64
		{B3CE01F2-98A9-470C-9E11-3E2A531C5F41}.Debug|x86.ActiveCfg = Debug|x86
		{B3CE01F2-98A9-470C-9E11-3E2A531C5F41}.Debug|x86.Build.0 = Debug|x86
		{B3CE01F2-98A9-470C-9E11-3E2A531C5F41}.Release|Any CPU.ActiveCfg = Release|Any CPU
		{B3CE01F2-98A9-470C-9E11-3E2A531C5F41}.Release|Any CPU.Build.0 = Release|Any CPU
		{B3CE01F2-98A9-470C-9E11-3E2A531C5F41}.Release|ARM.ActiveCfg = Release|ARM
		{B3CE01F2-98A9-470C-9E11-3E2A531C5F41}.Release|ARM.Build.0 = Release|ARM
		{B3CE01F2-98A9-470C-9E11-3E2A531C5F41}.Release|x64.ActiveCfg = Release|x64
		{B3CE01F2-98A9-470C-9E11-3E2A531C5F41}.Release|x64.Build.0 = Release|x64
		{B3CE01F2-98A9-470C-9E11-3E2A531C5F41}.Release|x86.ActiveCfg = Release|x86
		{B3CE01F2-98A9-470C-9E11-3E2A531C5F41}.Release|x86.Build.0 = Release|x86
	EndGlobalSection
	GlobalSection(SolutionProperties) = preSolution
		HideSolutionNode = FALSE
	EndGlobalSection
	GlobalSection(NestedProjects) = preSolution
		{CDD80413-3755-4E1B-8252-1BCB47A0004F} = {2D2E1D56-296C-4A0B-80D4-9F31BBF549CA}
		{357C51DB-765E-4A88-950F-CDA24F7184C3} = {9D6BBDDD-835B-49AF-A32D-FE9CED5F6D56}
		{638DBE96-07F8-45CF-B489-8A3FBAAD3284} = {279EC020-379C-4336-889F-A42B12137E9C}
		{13FB8A12-01F7-4FF2-A0A5-4F9EBF1B50CA} = {2D2E1D56-296C-4A0B-80D4-9F31BBF549CA}
		{D0BBC459-2798-45BA-9CB2-56703A0D5C5E} = {2D2E1D56-296C-4A0B-80D4-9F31BBF549CA}
		{E525983B-258E-4754-9596-9A299DFC99A5} = {2D2E1D56-296C-4A0B-80D4-9F31BBF549CA}
		{03507278-EC38-485A-BEA3-366035CE93C3} = {2D2E1D56-296C-4A0B-80D4-9F31BBF549CA}
		{2CD70A4F-9EED-4CDA-9E07-1A2BD33B4976} = {2D2E1D56-296C-4A0B-80D4-9F31BBF549CA}
		{77778FA3-E0BF-4A8F-8C6E-E12442C49011} = {2D2E1D56-296C-4A0B-80D4-9F31BBF549CA}
		{B3CE01F2-98A9-470C-9E11-3E2A531C5F41} = {2D2E1D56-296C-4A0B-80D4-9F31BBF549CA}
	EndGlobalSection
EndGlobal
